
Microsoft Visual Studio Solution File, Format Version 12.00
# Visual Studio Version 17
VisualStudioVersion = 17.2.32526.322
MinimumVisualStudioVersion = 10.0.40219.1
Project("{FAE04EC0-301F-11D3-BF4B-00C04F79EFBC}") = "WineSales", "WineSales.csproj", "{FF6F4458-A7DA-413C-B96F-33042BA5CBCB}"
EndProject
Global
	GlobalSection(SolutionConfigurationPlatforms) = preSolution
		Debug|Any CPU = Debug|Any CPU
		Release|Any CPU = Release|Any CPU
	EndGlobalSection
	GlobalSection(ProjectConfigurationPlatforms) = postSolution
		{FF6F4458-A7DA-413C-B96F-33042BA5CBCB}.Debug|Any CPU.ActiveCfg = Debug|Any CPU
		{FF6F4458-A7DA-413C-B96F-33042BA5CBCB}.Debug|Any CPU.Build.0 = Debug|Any CPU
		{FF6F4458-A7DA-413C-B96F-33042BA5CBCB}.Release|Any CPU.ActiveCfg = Release|Any CPU
		{FF6F4458-A7DA-413C-B96F-33042BA5CBCB}.Release|Any CPU.Build.0 = Release|Any CPU
	EndGlobalSection
	GlobalSection(SolutionProperties) = preSolution
		HideSolutionNode = FALSE
	EndGlobalSection
	GlobalSection(ExtensibilityGlobals) = postSolution
		SolutionGuid = {99626EE0-E895-4177-9932-CA1B33745D15}
	EndGlobalSection
EndGlobal
